
Microsoft Visual Studio Solution File, Format Version 12.00
# Visual Studio Version 16
VisualStudioVersion = 16.0.29613.14
MinimumVisualStudioVersion = 10.0.40219.1
Project("{FAE04EC0-301F-11D3-BF4B-00C04F79EFBC}") = "GPRSServerOldProtocol", "GPRSServerOldProtocol.csproj", "{CDB8A220-4F14-41A3-A8CD-4F614BB073CB}"
EndProject
Global
	GlobalSection(SolutionConfigurationPlatforms) = preSolution
		Debug|Any CPU = Debug|Any CPU
		Release|Any CPU = Release|Any CPU
	EndGlobalSection
	GlobalSection(ProjectConfigurationPlatforms) = postSolution
		{CDB8A220-4F14-41A3-A8CD-4F614BB073CB}.Debug|Any CPU.ActiveCfg = Debug|Any CPU
		{CDB8A220-4F14-41A3-A8CD-4F614BB073CB}.Debug|Any CPU.Build.0 = Debug|Any CPU
		{CDB8A220-4F14-41A3-A8CD-4F614BB073CB}.Release|Any CPU.ActiveCfg = Release|Any CPU
		{CDB8A220-4F14-41A3-A8CD-4F614BB073CB}.Release|Any CPU.Build.0 = Release|Any CPU
	EndGlobalSection
	GlobalSection(SolutionProperties) = preSolution
		HideSolutionNode = FALSE
	EndGlobalSection
	GlobalSection(ExtensibilityGlobals) = postSolution
		SolutionGuid = {8CBAC318-59BA-4802-9579-DEEB957D87C3}
	EndGlobalSection
EndGlobal
